
Microsoft Visual Studio Solution File, Format Version 12.00
# Visual Studio Version 17
VisualStudioVersion = 17.9.34723.18
MinimumVisualStudioVersion = 10.0.40219.1
Project("{9A19103F-16F7-4668-BE54-9A1E7A4F7556}") = "DomFinder2", "DomFinder2\DomFinder2.csproj", "{DEABA581-B45E-4171-8515-FA8F48F8A92A}"
EndProject
Global
	GlobalSection(SolutionConfigurationPlatforms) = preSolution
		Debug|Any CPU = Debug|Any CPU
		Release|Any CPU = Release|Any CPU
	EndGlobalSection
	GlobalSection(ProjectConfigurationPlatforms) = postSolution
		{DEABA581-B45E-4171-8515-FA8F48F8A92A}.Debug|Any CPU.ActiveCfg = Debug|Any CPU
		{DEABA581-B45E-4171-8515-FA8F48F8A92A}.Debug|Any CPU.Build.0 = Debug|Any CPU
		{DEABA581-B45E-4171-8515-FA8F48F8A92A}.Release|Any CPU.ActiveCfg = Release|Any CPU
		{DEABA581-B45E-4171-8515-FA8F48F8A92A}.Release|Any CPU.Build.0 = Release|Any CPU
	EndGlobalSection
	GlobalSection(SolutionProperties) = preSolution
		HideSolutionNode = FALSE
	EndGlobalSection
	GlobalSection(ExtensibilityGlobals) = postSolution
		SolutionGuid = {DB816A83-2875-4731-86A6-E82F8B504AA0}
	EndGlobalSection
EndGlobal
